# Official CUDA-enabled COLMAP container selected for this assignment.
# Release: COLMAP 4.2.0, source tag commit be5e291.
# The dated Docker tag is immutable by convention; setup_colmap_container.sh
# also records the registry OCI digest and local SIF SHA-256 on first fetch and
# refuses later digest/checksum drift.
COLMAP_RELEASE=4.2.0
COLMAP_SOURCE_COMMIT=be5e291
COLMAP_OCI_SOURCE=docker://colmap/colmap:20260901.7982
COLMAP_SIF_NAME=colmap-4.2.0-20260901.7982.sif

